// !$*UTF8*$!
{
	archiveVersion = 1;
	classes = {
	};
	objectVersion = 46;
	objects = {

/* Begin PBXBuildFile section */
		8E006C3A1F1AD23300BDDAA4 /* CollectionViewController.swift in Sources */ = {isa = PBXBuildFile; fileRef = 8E006C391F1AD23300BDDAA4 /* CollectionViewController.swift */; };
		8E006C3C1F1AD56200BDDAA4 /* CollectionViewCell.swift in Sources */ = {isa = PBXBuildFile; fileRef = 8E006C3B1F1AD56200BDDAA4 /* CollectionViewCell.swift */; };
		8E006C3E1F1AD66100BDDAA4 /* Config.swift in Sources */ = {isa = PBXBuildFile; fileRef = 8E006C3D1F1AD66100BDDAA4 /* Config.swift */; };
		8E23CF5B1F4CC00D00B0309E /* AboutNew.swift in Sources */ = {isa = PBXBuildFile; fileRef = 8E23CF5A1F4CC00D00B0309E /* AboutNew.swift */; };
		8E23CF5D1F4CCBFC00B0309E /* AboutCell.swift in Sources */ = {isa = PBXBuildFile; fileRef = 8E23CF5C1F4CCBFC00B0309E /* AboutCell.swift */; };
		8E287E361F50E4B6000ABC7F /* ListingsTVC.swift in Sources */ = {isa = PBXBuildFile; fileRef = 8E287E351F50E4B6000ABC7F /* ListingsTVC.swift */; };
		8E287E381F50E4CF000ABC7F /* ListingsCell.swift in Sources */ = {isa = PBXBuildFile; fileRef = 8E287E371F50E4CF000ABC7F /* ListingsCell.swift */; };
		8E35604F1F4C77C5005738EB /* CustomTabController.swift in Sources */ = {isa = PBXBuildFile; fileRef = 8E35604E1F4C77C5005738EB /* CustomTabController.swift */; };
		8E3A8E911F254C0300AA28CD /* Annotations.swift in Sources */ = {isa = PBXBuildFile; fileRef = 8E3A8E901F254C0300AA28CD /* Annotations.swift */; };
		8E3A8E931F254FCE00AA28CD /* MapKit.framework in Frameworks */ = {isa = PBXBuildFile; fileRef = 8E3A8E921F254FCE00AA28CD /* MapKit.framework */; };
		8E5ECD371F252AA4003F0A8A /* NewDetailViewController.swift in Sources */ = {isa = PBXBuildFile; fileRef = 8E5ECD361F252AA4003F0A8A /* NewDetailViewController.swift */; };
		8E60ACBC1F40B73D0024B2CA /* AllListingsMapView.swift in Sources */ = {isa = PBXBuildFile; fileRef = 8E60ACBB1F40B73D0024B2CA /* AllListingsMapView.swift */; };
		8E60ACBE1F40C15E0024B2CA /* NewAnnotations.swift in Sources */ = {isa = PBXBuildFile; fileRef = 8E60ACBD1F40C15E0024B2CA /* NewAnnotations.swift */; };
		8E7532001F4BBF3800F309C0 /* AboutVC.swift in Sources */ = {isa = PBXBuildFile; fileRef = 8E7531FF1F4BBF3800F309C0 /* AboutVC.swift */; };
		8E7532021F4BC17700F309C0 /* AboutTxt.swift in Sources */ = {isa = PBXBuildFile; fileRef = 8E7532011F4BC17700F309C0 /* AboutTxt.swift */; };
		8E7F847A1F3CBEB700057563 /* BOD_R.TTF in Resources */ = {isa = PBXBuildFile; fileRef = 8E7F84791F3CBEB700057563 /* BOD_R.TTF */; };
		8E7F847C1F3CBFB800057563 /* GradientView.swift in Sources */ = {isa = PBXBuildFile; fileRef = 8E7F847B1F3CBFB800057563 /* GradientView.swift */; };
		8E7F847F1F3CDCC700057563 /* DescriptionCell.swift in Sources */ = {isa = PBXBuildFile; fileRef = 8E7F847E1F3CDCC700057563 /* DescriptionCell.swift */; };
		8EBDD5F81F522F360096DB3B /* WebView.swift in Sources */ = {isa = PBXBuildFile; fileRef = 8EBDD5F71F522F360096DB3B /* WebView.swift */; };
		8EC880991F422EDF0006938C /* MovieController.swift in Sources */ = {isa = PBXBuildFile; fileRef = 8EC880981F422EDF0006938C /* MovieController.swift */; };
		8EEC3F741F51CB4F004327E7 /* Utility.swift in Sources */ = {isa = PBXBuildFile; fileRef = 8EEC3F731F51CB4F004327E7 /* Utility.swift */; };
		8EF732951F1ACB89004CF9B2 /* AppDelegate.swift in Sources */ = {isa = PBXBuildFile; fileRef = 8EF732941F1ACB89004CF9B2 /* AppDelegate.swift */; };
		8EF7329A1F1ACB89004CF9B2 /* Main.storyboard in Resources */ = {isa = PBXBuildFile; fileRef = 8EF732981F1ACB89004CF9B2 /* Main.storyboard */; };
		8EF7329C1F1ACB89004CF9B2 /* Assets.xcassets in Resources */ = {isa = PBXBuildFile; fileRef = 8EF7329B1F1ACB89004CF9B2 /* Assets.xcassets */; };
		8EF7329F1F1ACB89004CF9B2 /* LaunchScreen.storyboard in Resources */ = {isa = PBXBuildFile; fileRef = 8EF7329D1F1ACB89004CF9B2 /* LaunchScreen.storyboard */; };
		B396662214160B4913A2B22F /* Pods_ave6.framework in Frameworks */ = {isa = PBXBuildFile; fileRef = FE69647AB0F5A9B9A6EE4DBC /* Pods_ave6.framework */; };
/* End PBXBuildFile section */

/* Begin PBXFileReference section */
		3309B25B8D4F7B80936DEC12 /* Pods-ave6.release.xcconfig */ = {isa = PBXFileReference; includeInIndex = 1; lastKnownFileType = text.xcconfig; name = "Pods-ave6.release.xcconfig"; path = "Pods/Target Support Files/Pods-ave6/Pods-ave6.release.xcconfig"; sourceTree = "<group>"; };
		57C066C3B1D856AB16B1B5B9 /* Pods-ave6.debug.xcconfig */ = {isa = PBXFileReference; includeInIndex = 1; lastKnownFileType = text.xcconfig; name = "Pods-ave6.debug.xcconfig"; path = "Pods/Target Support Files/Pods-ave6/Pods-ave6.debug.xcconfig"; sourceTree = "<group>"; };
		8E006C391F1AD23300BDDAA4 /* CollectionViewController.swift */ = {isa = PBXFileReference; fileEncoding = 4; lastKnownFileType = sourcecode.swift; path = CollectionViewController.swift; sourceTree = "<group>"; };
		8E006C3B1F1AD56200BDDAA4 /* CollectionViewCell.swift */ = {isa = PBXFileReference; fileEncoding = 4; lastKnownFileType = sourcecode.swift; path = CollectionViewCell.swift; sourceTree = "<group>"; };
		8E006C3D1F1AD66100BDDAA4 /* Config.swift */ = {isa = PBXFileReference; fileEncoding = 4; lastKnownFileType = sourcecode.swift; path = Config.swift; sourceTree = "<group>"; };
		8E23CF5A1F4CC00D00B0309E /* AboutNew.swift */ = {isa = PBXFileReference; lastKnownFileType = sourcecode.swift; path = AboutNew.swift; sourceTree = "<group>"; };
		8E23CF5C1F4CCBFC00B0309E /* AboutCell.swift */ = {isa = PBXFileReference; lastKnownFileType = sourcecode.swift; path = AboutCell.swift; sourceTree = "<group>"; };
		8E276A7D1F52086B002303CC /* ave6.entitlements */ = {isa = PBXFileReference; lastKnownFileType = text.plist.entitlements; path = ave6.entitlements; sourceTree = "<group>"; };
		8E287E351F50E4B6000ABC7F /* ListingsTVC.swift */ = {isa = PBXFileReference; lastKnownFileType = sourcecode.swift; path = ListingsTVC.swift; sourceTree = "<group>"; };
		8E287E371F50E4CF000ABC7F /* ListingsCell.swift */ = {isa = PBXFileReference; lastKnownFileType = sourcecode.swift; path = ListingsCell.swift; sourceTree = "<group>"; };
		8E35604E1F4C77C5005738EB /* CustomTabController.swift */ = {isa = PBXFileReference; lastKnownFileType = sourcecode.swift; path = CustomTabController.swift; sourceTree = "<group>"; };
		8E3A8E901F254C0300AA28CD /* Annotations.swift */ = {isa = PBXFileReference; fileEncoding = 4; lastKnownFileType = sourcecode.swift; path = Annotations.swift; sourceTree = "<group>"; };
		8E3A8E921F254FCE00AA28CD /* MapKit.framework */ = {isa = PBXFileReference; lastKnownFileType = wrapper.framework; name = MapKit.framework; path = System/Library/Frameworks/MapKit.framework; sourceTree = SDKROOT; };
		8E4781251F1ACE3500092EFB /* ave6-Bridging-Header.h */ = {isa = PBXFileReference; lastKnownFileType = sourcecode.c.h; path = "ave6-Bridging-Header.h"; sourceTree = "<group>"; };
		8E5ECD361F252AA4003F0A8A /* NewDetailViewController.swift */ = {isa = PBXFileReference; fileEncoding = 4; lastKnownFileType = sourcecode.swift; path = NewDetailViewController.swift; sourceTree = "<group>"; };
		8E60ACBB1F40B73D0024B2CA /* AllListingsMapView.swift */ = {isa = PBXFileReference; lastKnownFileType = sourcecode.swift; path = AllListingsMapView.swift; sourceTree = "<group>"; };
		8E60ACBD1F40C15E0024B2CA /* NewAnnotations.swift */ = {isa = PBXFileReference; lastKnownFileType = sourcecode.swift; path = NewAnnotations.swift; sourceTree = "<group>"; };
		8E7531FF1F4BBF3800F309C0 /* AboutVC.swift */ = {isa = PBXFileReference; lastKnownFileType = sourcecode.swift; path = AboutVC.swift; sourceTree = "<group>"; };
		8E7532011F4BC17700F309C0 /* AboutTxt.swift */ = {isa = PBXFileReference; lastKnownFileType = sourcecode.swift; path = AboutTxt.swift; sourceTree = "<group>"; };
		8E7F84791F3CBEB700057563 /* BOD_R.TTF */ = {isa = PBXFileReference; lastKnownFileType = file; path = BOD_R.TTF; sourceTree = "<group>"; };
		8E7F847B1F3CBFB800057563 /* GradientView.swift */ = {isa = PBXFileReference; fileEncoding = 4; lastKnownFileType = sourcecode.swift; path = GradientView.swift; sourceTree = "<group>"; };
		8E7F847E1F3CDCC700057563 /* DescriptionCell.swift */ = {isa = PBXFileReference; fileEncoding = 4; lastKnownFileType = sourcecode.swift; path = DescriptionCell.swift; sourceTree = "<group>"; };
		8EBDD5F71F522F360096DB3B /* WebView.swift */ = {isa = PBXFileReference; lastKnownFileType = sourcecode.swift; path = WebView.swift; sourceTree = "<group>"; };
		8EC880981F422EDF0006938C /* MovieController.swift */ = {isa = PBXFileReference; lastKnownFileType = sourcecode.swift; path = MovieController.swift; sourceTree = "<group>"; };
		8EEC3F731F51CB4F004327E7 /* Utility.swift */ = {isa = PBXFileReference; lastKnownFileType = sourcecode.swift; path = Utility.swift; sourceTree = "<group>"; };
		8EF732911F1ACB89004CF9B2 /* ave6.app */ = {isa = PBXFileReference; explicitFileType = wrapper.application; includeInIndex = 0; path = ave6.app; sourceTree = BUILT_PRODUCTS_DIR; };
		8EF732941F1ACB89004CF9B2 /* AppDelegate.swift */ = {isa = PBXFileReference; lastKnownFileType = sourcecode.swift; path = AppDelegate.swift; sourceTree = "<group>"; };
		8EF732991F1ACB89004CF9B2 /* Base */ = {isa = PBXFileReference; lastKnownFileType = file.storyboard; name = Base; path = Base.lproj/Main.storyboard; sourceTree = "<group>"; };
		8EF7329B1F1ACB89004CF9B2 /* Assets.xcassets */ = {isa = PBXFileReference; lastKnownFileType = folder.assetcatalog; path = Assets.xcassets; sourceTree = "<group>"; };
		8EF7329E1F1ACB89004CF9B2 /* Base */ = {isa = PBXFileReference; lastKnownFileType = file.storyboard; name = Base; path = Base.lproj/LaunchScreen.storyboard; sourceTree = "<group>"; };
		8EF732A01F1ACB89004CF9B2 /* Info.plist */ = {isa = PBXFileReference; lastKnownFileType = text.plist.xml; path = Info.plist; sourceTree = "<group>"; };
		FE69647AB0F5A9B9A6EE4DBC /* Pods_ave6.framework */ = {isa = PBXFileReference; explicitFileType = wrapper.framework; includeInIndex = 0; path = Pods_ave6.framework; sourceTree = BUILT_PRODUCTS_DIR; };
/* End PBXFileReference section */

/* Begin PBXFrameworksBuildPhase section */
		8EF7328E1F1ACB89004CF9B2 /* Frameworks */ = {
			isa = PBXFrameworksBuildPhase;
			buildActionMask = 2147483647;
			files = (
				8E3A8E931F254FCE00AA28CD /* MapKit.framework in Frameworks */,
				B396662214160B4913A2B22F /* Pods_ave6.framework in Frameworks */,
			);
			runOnlyForDeploymentPostprocessing = 0;
		};
/* End PBXFrameworksBuildPhase section */

/* Begin PBXGroup section */
		02967634348418D6C9A08738 /* Frameworks */ = {
			isa = PBXGroup;
			children = (
				8E3A8E921F254FCE00AA28CD /* MapKit.framework */,
				FE69647AB0F5A9B9A6EE4DBC /* Pods_ave6.framework */,
			);
			name = Frameworks;
			sourceTree = "<group>";
		};
		88EF89475126A15C4196A82B /* Pods */ = {
			isa = PBXGroup;
			children = (
				57C066C3B1D856AB16B1B5B9 /* Pods-ave6.debug.xcconfig */,
				3309B25B8D4F7B80936DEC12 /* Pods-ave6.release.xcconfig */,
			);
			name = Pods;
			sourceTree = "<group>";
		};
		8E287E341F50E492000ABC7F /* TableListings */ = {
			isa = PBXGroup;
			children = (
				8E287E351F50E4B6000ABC7F /* ListingsTVC.swift */,
				8E287E371F50E4CF000ABC7F /* ListingsCell.swift */,
			);
			path = TableListings;
			sourceTree = "<group>";
		};
		8E3A8E8F1F25343B00AA28CD /* Main Listings Page */ = {
			isa = PBXGroup;
			children = (
				8E5ECD361F252AA4003F0A8A /* NewDetailViewController.swift */,
				8E006C391F1AD23300BDDAA4 /* CollectionViewController.swift */,
				8E006C3B1F1AD56200BDDAA4 /* CollectionViewCell.swift */,
				8E3A8E901F254C0300AA28CD /* Annotations.swift */,
				8E7F847E1F3CDCC700057563 /* DescriptionCell.swift */,
			);
			name = "Main Listings Page";
			sourceTree = "<group>";
		};
		8E60ACBA1F40B7030024B2CA /* All Listings Map */ = {
			isa = PBXGroup;
			children = (
				8E60ACBB1F40B73D0024B2CA /* AllListingsMapView.swift */,
				8E60ACBD1F40C15E0024B2CA /* NewAnnotations.swift */,
			);
			name = "All Listings Map";
			sourceTree = "<group>";
		};
		8E60ACBF1F40C5400024B2CA /* Utility */ = {
			isa = PBXGroup;
			children = (
				8E006C3D1F1AD66100BDDAA4 /* Config.swift */,
				8EEC3F731F51CB4F004327E7 /* Utility.swift */,
			);
			name = Utility;
			sourceTree = "<group>";
		};
		8E7F847D1F3CBFC000057563 /* Views */ = {
			isa = PBXGroup;
			children = (
				8E7F847B1F3CBFB800057563 /* GradientView.swift */,
			);
			name = Views;
			sourceTree = "<group>";
		};
		8EC8809A1F422EED0006938C /* Movie */ = {
			isa = PBXGroup;
			children = (
				8EC880981F422EDF0006938C /* MovieController.swift */,
			);
			name = Movie;
			sourceTree = "<group>";
		};
		8ECA92931F489ABE00D5126A /* Home */ = {
			isa = PBXGroup;
			children = (
			);
			name = Home;
			sourceTree = "<group>";
		};
		8ECA92961F48E53800D5126A /* About */ = {
			isa = PBXGroup;
			children = (
				8E23CF5A1F4CC00D00B0309E /* AboutNew.swift */,
				8E23CF5C1F4CCBFC00B0309E /* AboutCell.swift */,
				8E7531FF1F4BBF3800F309C0 /* AboutVC.swift */,
				8E7532011F4BC17700F309C0 /* AboutTxt.swift */,
			);
			name = About;
			sourceTree = "<group>";
		};
		8EF732881F1ACB89004CF9B2 = {
			isa = PBXGroup;
			children = (
				8EF732931F1ACB89004CF9B2 /* ave6 */,
				8EF732921F1ACB89004CF9B2 /* Products */,
				88EF89475126A15C4196A82B /* Pods */,
				02967634348418D6C9A08738 /* Frameworks */,
				8E4781251F1ACE3500092EFB /* ave6-Bridging-Header.h */,
			);
			sourceTree = "<group>";
		};
		8EF732921F1ACB89004CF9B2 /* Products */ = {
			isa = PBXGroup;
			children = (
				8EF732911F1ACB89004CF9B2 /* ave6.app */,
			);
			name = Products;
			sourceTree = "<group>";
		};
		8EF732931F1ACB89004CF9B2 /* ave6 */ = {
			isa = PBXGroup;
			children = (
				8E276A7D1F52086B002303CC /* ave6.entitlements */,
				8E287E341F50E492000ABC7F /* TableListings */,
				8ECA92961F48E53800D5126A /* About */,
				8ECA92931F489ABE00D5126A /* Home */,
				8EC8809A1F422EED0006938C /* Movie */,
				8E60ACBF1F40C5400024B2CA /* Utility */,
				8E7F847D1F3CBFC000057563 /* Views */,
				8E60ACBA1F40B7030024B2CA /* All Listings Map */,
				8E3A8E8F1F25343B00AA28CD /* Main Listings Page */,
				8EF732941F1ACB89004CF9B2 /* AppDelegate.swift */,
				8E7F84791F3CBEB700057563 /* BOD_R.TTF */,
				8EF732981F1ACB89004CF9B2 /* Main.storyboard */,
				8E35604E1F4C77C5005738EB /* CustomTabController.swift */,
				8EF7329B1F1ACB89004CF9B2 /* Assets.xcassets */,
				8EF7329D1F1ACB89004CF9B2 /* LaunchScreen.storyboard */,
				8EF732A01F1ACB89004CF9B2 /* Info.plist */,
				8EBDD5F71F522F360096DB3B /* WebView.swift */,
			);
			path = ave6;
			sourceTree = "<group>";
		};
/* End PBXGroup section */

/* Begin PBXNativeTarget section */
		8EF732901F1ACB89004CF9B2 /* ave6 */ = {
			isa = PBXNativeTarget;
			buildConfigurationList = 8EF732A31F1ACB89004CF9B2 /* Build configuration list for PBXNativeTarget "ave6" */;
			buildPhases = (
				2E8AC7380C821F5EA5DA8BB3 /* [CP] Check Pods Manifest.lock */,
				8EF7328D1F1ACB89004CF9B2 /* Sources */,
				8EF7328E1F1ACB89004CF9B2 /* Frameworks */,
				8EF7328F1F1ACB89004CF9B2 /* Resources */,
				1F69B842C8B3BE270574CE3F /* [CP] Embed Pods Frameworks */,
				ED1B9D5ADB6C5FE4CDC98A50 /* [CP] Copy Pods Resources */,
			);
			buildRules = (
			);
			dependencies = (
			);
			name = ave6;
			productName = ave6;
			productReference = 8EF732911F1ACB89004CF9B2 /* ave6.app */;
			productType = "com.apple.product-type.application";
		};
/* End PBXNativeTarget section */

/* Begin PBXProject section */
		8EF732891F1ACB89004CF9B2 /* Project object */ = {
			isa = PBXProject;
			attributes = {
				LastSwiftUpdateCheck = 0830;
				LastUpgradeCheck = 0830;
				ORGANIZATIONNAME = "Artisan Branding";
				TargetAttributes = {
					8EF732901F1ACB89004CF9B2 = {
						CreatedOnToolsVersion = 8.3.3;
						DevelopmentTeam = LR4SP9C264;
						LastSwiftMigration = 0830;
						ProvisioningStyle = Automatic;
						SystemCapabilities = {
							com.apple.Maps.iOS = {
								enabled = 1;
							};
							com.apple.Push = {
								enabled = 1;
							};
						};
					};
				};
			};
			buildConfigurationList = 8EF7328C1F1ACB89004CF9B2 /* Build configuration list for PBXProject "ave6" */;
			compatibilityVersion = "Xcode 3.2";
			developmentRegion = English;
			hasScannedForEncodings = 0;
			knownRegions = (
				en,
				Base,
			);
			mainGroup = 8EF732881F1ACB89004CF9B2;
			productRefGroup = 8EF732921F1ACB89004CF9B2 /* Products */;
			projectDirPath = "";
			projectRoot = "";
			targets = (
				8EF732901F1ACB89004CF9B2 /* ave6 */,
			);
		};
/* End PBXProject section */

/* Begin PBXResourcesBuildPhase section */
		8EF7328F1F1ACB89004CF9B2 /* Resources */ = {
			isa = PBXResourcesBuildPhase;
			buildActionMask = 2147483647;
			files = (
				8EF7329F1F1ACB89004CF9B2 /* LaunchScreen.storyboard in Resources */,
				8EF7329C1F1ACB89004CF9B2 /* Assets.xcassets in Resources */,
				8EF7329A1F1ACB89004CF9B2 /* Main.storyboard in Resources */,
				8E7F847A1F3CBEB700057563 /* BOD_R.TTF in Resources */,
			);
			runOnlyForDeploymentPostprocessing = 0;
		};
/* End PBXResourcesBuildPhase section */

/* Begin PBXShellScriptBuildPhase section */
		1F69B842C8B3BE270574CE3F /* [CP] Embed Pods Frameworks */ = {
			isa = PBXShellScriptBuildPhase;
			buildActionMask = 2147483647;
			files = (
			);
			inputPaths = (
				"${SRCROOT}/Pods/Target Support Files/Pods-ave6/Pods-ave6-frameworks.sh",
				"${BUILT_PRODUCTS_DIR}/Alamofire/Alamofire.framework",
				"${BUILT_PRODUCTS_DIR}/Bolts/Bolts.framework",
				"${BUILT_PRODUCTS_DIR}/NWPusher/NWPusher.framework",
				"${BUILT_PRODUCTS_DIR}/Parse/Parse.framework",
			);
			name = "[CP] Embed Pods Frameworks";
			outputPaths = (
				"${TARGET_BUILD_DIR}/${FRAMEWORKS_FOLDER_PATH}/Alamofire.framework",
				"${TARGET_BUILD_DIR}/${FRAMEWORKS_FOLDER_PATH}/Bolts.framework",
				"${TARGET_BUILD_DIR}/${FRAMEWORKS_FOLDER_PATH}/NWPusher.framework",
				"${TARGET_BUILD_DIR}/${FRAMEWORKS_FOLDER_PATH}/Parse.framework",
			);
			runOnlyForDeploymentPostprocessing = 0;
			shellPath = /bin/sh;
			shellScript = "\"${SRCROOT}/Pods/Target Support Files/Pods-ave6/Pods-ave6-frameworks.sh\"\n";
			showEnvVarsInLog = 0;
		};
		2E8AC7380C821F5EA5DA8BB3 /* [CP] Check Pods Manifest.lock */ = {
			isa = PBXShellScriptBuildPhase;
			buildActionMask = 2147483647;
			files = (
			);
			inputPaths = (
				"${PODS_PODFILE_DIR_PATH}/Podfile.lock",
				"${PODS_ROOT}/Manifest.lock",
			);
			name = "[CP] Check Pods Manifest.lock";
			outputPaths = (
				"$(DERIVED_FILE_DIR)/Pods-ave6-checkManifestLockResult.txt",
			);
			runOnlyForDeploymentPostprocessing = 0;
			shellPath = /bin/sh;
			shellScript = "diff \"${PODS_PODFILE_DIR_PATH}/Podfile.lock\" \"${PODS_ROOT}/Manifest.lock\" > /dev/null\nif [ $? != 0 ] ; then\n    # print error to STDERR\n    echo \"error: The sandbox is not in sync with the Podfile.lock. Run 'pod install' or update your CocoaPods installation.\" >&2\n    exit 1\nfi\n# This output is used by Xcode 'outputs' to avoid re-running this script phase.\necho \"SUCCESS\" > \"${SCRIPT_OUTPUT_FILE_0}\"\n";
			showEnvVarsInLog = 0;
		};
		ED1B9D5ADB6C5FE4CDC98A50 /* [CP] Copy Pods Resources */ = {
			isa = PBXShellScriptBuildPhase;
			buildActionMask = 2147483647;
			files = (
			);
			inputPaths = (
			);
			name = "[CP] Copy Pods Resources";
			outputPaths = (
			);
			runOnlyForDeploymentPostprocessing = 0;
			shellPath = /bin/sh;
			shellScript = "\"${SRCROOT}/Pods/Target Support Files/Pods-ave6/Pods-ave6-resources.sh\"\n";
			showEnvVarsInLog = 0;
		};
/* End PBXShellScriptBuildPhase section */

/* Begin PBXSourcesBuildPhase section */
		8EF7328D1F1ACB89004CF9B2 /* Sources */ = {
			isa = PBXSourcesBuildPhase;
			buildActionMask = 2147483647;
			files = (
				8E7532021F4BC17700F309C0 /* AboutTxt.swift in Sources */,
				8EBDD5F81F522F360096DB3B /* WebView.swift in Sources */,
				8E006C3A1F1AD23300BDDAA4 /* CollectionViewController.swift in Sources */,
				8E006C3E1F1AD66100BDDAA4 /* Config.swift in Sources */,
				8EC880991F422EDF0006938C /* MovieController.swift in Sources */,
				8E287E361F50E4B6000ABC7F /* ListingsTVC.swift in Sources */,
				8E3A8E911F254C0300AA28CD /* Annotations.swift in Sources */,
				8EEC3F741F51CB4F004327E7 /* Utility.swift in Sources */,
				8E287E381F50E4CF000ABC7F /* ListingsCell.swift in Sources */,
				8E23CF5D1F4CCBFC00B0309E /* AboutCell.swift in Sources */,
				8E60ACBC1F40B73D0024B2CA /* AllListingsMapView.swift in Sources */,
				8EF732951F1ACB89004CF9B2 /* AppDelegate.swift in Sources */,
				8E7F847F1F3CDCC700057563 /* DescriptionCell.swift in Sources */,
				8E35604F1F4C77C5005738EB /* CustomTabController.swift in Sources */,
				8E7F847C1F3CBFB800057563 /* GradientView.swift in Sources */,
				8E23CF5B1F4CC00D00B0309E /* AboutNew.swift in Sources */,
				8E7532001F4BBF3800F309C0 /* AboutVC.swift in Sources */,
				8E60ACBE1F40C15E0024B2CA /* NewAnnotations.swift in Sources */,
				8E5ECD371F252AA4003F0A8A /* NewDetailViewController.swift in Sources */,
				8E006C3C1F1AD56200BDDAA4 /* CollectionViewCell.swift in Sources */,
			);
			runOnlyForDeploymentPostprocessing = 0;
		};
/* End PBXSourcesBuildPhase section */

/* Begin PBXVariantGroup section */
		8EF732981F1ACB89004CF9B2 /* Main.storyboard */ = {
			isa = PBXVariantGroup;
			children = (
				8EF732991F1ACB89004CF9B2 /* Base */,
			);
			name = Main.storyboard;
			sourceTree = "<group>";
		};
		8EF7329D1F1ACB89004CF9B2 /* LaunchScreen.storyboard */ = {
			isa = PBXVariantGroup;
			children = (
				8EF7329E1F1ACB89004CF9B2 /* Base */,
			);
			name = LaunchScreen.storyboard;
			sourceTree = "<group>";
		};
/* End PBXVariantGroup section */

/* Begin XCBuildConfiguration section */
		8EF732A11F1ACB89004CF9B2 /* Debug */ = {
			isa = XCBuildConfiguration;
			buildSettings = {
				ALWAYS_SEARCH_USER_PATHS = NO;
				CLANG_ANALYZER_NONNULL = YES;
				CLANG_ANALYZER_NUMBER_OBJECT_CONVERSION = YES_AGGRESSIVE;
				CLANG_CXX_LANGUAGE_STANDARD = "gnu++0x";
				CLANG_CXX_LIBRARY = "libc++";
				CLANG_ENABLE_MODULES = YES;
				CLANG_ENABLE_OBJC_ARC = YES;
				CLANG_WARN_BOOL_CONVERSION = YES;
				CLANG_WARN_CONSTANT_CONVERSION = YES;
				CLANG_WARN_DIRECT_OBJC_ISA_USAGE = YES_ERROR;
				CLANG_WARN_DOCUMENTATION_COMMENTS = YES;
				CLANG_WARN_EMPTY_BODY = YES;
				CLANG_WARN_ENUM_CONVERSION = YES;
				CLANG_WARN_INFINITE_RECURSION = YES;
				CLANG_WARN_INT_CONVERSION = YES;
				CLANG_WARN_OBJC_ROOT_CLASS = YES_ERROR;
				CLANG_WARN_SUSPICIOUS_MOVE = YES;
				CLANG_WARN_UNREACHABLE_CODE = YES;
				CLANG_WARN__DUPLICATE_METHOD_MATCH = YES;
				"CODE_SIGN_IDENTITY[sdk=iphoneos*]" = "iPhone Developer";
				COPY_PHASE_STRIP = NO;
				DEBUG_INFORMATION_FORMAT = dwarf;
				ENABLE_STRICT_OBJC_MSGSEND = YES;
				ENABLE_TESTABILITY = YES;
				GCC_C_LANGUAGE_STANDARD = gnu99;
				GCC_DYNAMIC_NO_PIC = NO;
				GCC_NO_COMMON_BLOCKS = YES;
				GCC_OPTIMIZATION_LEVEL = 0;
				GCC_PREPROCESSOR_DEFINITIONS = (
					"DEBUG=1",
					"$(inherited)",
				);
				GCC_WARN_64_TO_32_BIT_CONVERSION = YES;
				GCC_WARN_ABOUT_RETURN_TYPE = YES_ERROR;
				GCC_WARN_UNDECLARED_SELECTOR = YES;
				GCC_WARN_UNINITIALIZED_AUTOS = YES_AGGRESSIVE;
				GCC_WARN_UNUSED_FUNCTION = YES;
				GCC_WARN_UNUSED_VARIABLE = YES;
				IPHONEOS_DEPLOYMENT_TARGET = 9.0;
				MTL_ENABLE_DEBUG_INFO = YES;
				ONLY_ACTIVE_ARCH = YES;
				SDKROOT = iphoneos;
				SWIFT_ACTIVE_COMPILATION_CONDITIONS = DEBUG;
				SWIFT_OPTIMIZATION_LEVEL = "-Onone";
				TARGETED_DEVICE_FAMILY = "1,2";
			};
			name = Debug;
		};
		8EF732A21F1ACB89004CF9B2 /* Release */ = {
			isa = XCBuildConfiguration;
			buildSettings = {
				ALWAYS_SEARCH_USER_PATHS = NO;
				CLANG_ANALYZER_NONNULL = YES;
				CLANG_ANALYZER_NUMBER_OBJECT_CONVERSION = YES_AGGRESSIVE;
				CLANG_CXX_LANGUAGE_STANDARD = "gnu++0x";
				CLANG_CXX_LIBRARY = "libc++";
				CLANG_ENABLE_MODULES = YES;
				CLANG_ENABLE_OBJC_ARC = YES;
				CLANG_WARN_BOOL_CONVERSION = YES;
				CLANG_WARN_CONSTANT_CONVERSION = YES;
				CLANG_WARN_DIRECT_OBJC_ISA_USAGE = YES_ERROR;
				CLANG_WARN_DOCUMENTATION_COMMENTS = YES;
				CLANG_WARN_EMPTY_BODY = YES;
				CLANG_WARN_ENUM_CONVERSION = YES;
				CLANG_WARN_INFINITE_RECURSION = YES;
				CLANG_WARN_INT_CONVERSION = YES;
				CLANG_WARN_OBJC_ROOT_CLASS = YES_ERROR;
				CLANG_WARN_SUSPICIOUS_MOVE = YES;
				CLANG_WARN_UNREACHABLE_CODE = YES;
				CLANG_WARN__DUPLICATE_METHOD_MATCH = YES;
				"CODE_SIGN_IDENTITY[sdk=iphoneos*]" = "iPhone Developer";
				COPY_PHASE_STRIP = NO;
				DEBUG_INFORMATION_FORMAT = "dwarf-with-dsym";
				ENABLE_NS_ASSERTIONS = NO;
				ENABLE_STRICT_OBJC_MSGSEND = YES;
				GCC_C_LANGUAGE_STANDARD = gnu99;
				GCC_NO_COMMON_BLOCKS = YES;
				GCC_WARN_64_TO_32_BIT_CONVERSION = YES;
				GCC_WARN_ABOUT_RETURN_TYPE = YES_ERROR;
				GCC_WARN_UNDECLARED_SELECTOR = YES;
				GCC_WARN_UNINITIALIZED_AUTOS = YES_AGGRESSIVE;
				GCC_WARN_UNUSED_FUNCTION = YES;
				GCC_WARN_UNUSED_VARIABLE = YES;
				IPHONEOS_DEPLOYMENT_TARGET = 9.0;
				MTL_ENABLE_DEBUG_INFO = NO;
				SDKROOT = iphoneos;
				SWIFT_OPTIMIZATION_LEVEL = "-Owholemodule";
				TARGETED_DEVICE_FAMILY = "1,2";
				VALIDATE_PRODUCT = YES;
			};
			name = Release;
		};
		8EF732A41F1ACB89004CF9B2 /* Debug */ = {
			isa = XCBuildConfiguration;
			baseConfigurationReference = 57C066C3B1D856AB16B1B5B9 /* Pods-ave6.debug.xcconfig */;
			buildSettings = {
				ASSETCATALOG_COMPILER_APPICON_NAME = AppIcon;
				CLANG_ENABLE_MODULES = YES;
				CODE_SIGN_ENTITLEMENTS = ave6/ave6.entitlements;
				DEVELOPMENT_TEAM = LR4SP9C264;
				INFOPLIST_FILE = ave6/Info.plist;
				LD_RUNPATH_SEARCH_PATHS = "$(inherited) @executable_path/Frameworks";
				PRODUCT_BUNDLE_IDENTIFIER = com.artisanbranding.com.avepush;
				PRODUCT_NAME = "$(TARGET_NAME)";
				SWIFT_OBJC_BRIDGING_HEADER = "ave6-Bridging-Header.h";
				SWIFT_OPTIMIZATION_LEVEL = "-Onone";
				SWIFT_VERSION = 3.0;
			};
			name = Debug;
		};
		8EF732A51F1ACB89004CF9B2 /* Release */ = {
			isa = XCBuildConfiguration;
			baseConfigurationReference = 3309B25B8D4F7B80936DEC12 /* Pods-ave6.release.xcconfig */;
			buildSettings = {
				ASSETCATALOG_COMPILER_APPICON_NAME = AppIcon;
				CLANG_ENABLE_MODULES = YES;
				CODE_SIGN_ENTITLEMENTS = ave6/ave6.entitlements;
				DEVELOPMENT_TEAM = LR4SP9C264;
				INFOPLIST_FILE = ave6/Info.plist;
				LD_RUNPATH_SEARCH_PATHS = "$(inherited) @executable_path/Frameworks";
				PRODUCT_BUNDLE_IDENTIFIER = com.artisanbranding.com.avepush;
				PRODUCT_NAME = "$(TARGET_NAME)";
				SWIFT_OBJC_BRIDGING_HEADER = "ave6-Bridging-Header.h";
				SWIFT_VERSION = 3.0;
			};
			name = Release;
		};
/* End XCBuildConfiguration section */

/* Begin XCConfigurationList section */
		8EF7328C1F1ACB89004CF9B2 /* Build configuration list for PBXProject "ave6" */ = {
			isa = XCConfigurationList;
			buildConfigurations = (
				8EF732A11F1ACB89004CF9B2 /* Debug */,
				8EF732A21F1ACB89004CF9B2 /* Release */,
			);
			defaultConfigurationIsVisible = 0;
			defaultConfigurationName = Release;
		};
		8EF732A31F1ACB89004CF9B2 /* Build configuration list for PBXNativeTarget "ave6" */ = {
			isa = XCConfigurationList;
			buildConfigurations = (
				8EF732A41F1ACB89004CF9B2 /* Debug */,
				8EF732A51F1ACB89004CF9B2 /* Release */,
			);
			defaultConfigurationIsVisible = 0;
			defaultConfigurationName = Release;
		};
/* End XCConfigurationList section */
	};
	rootObject = 8EF732891F1ACB89004CF9B2 /* Project object */;
}
